lockfileVersion: '9.0'

settings:
  autoInstallPeers: true
  excludeLinksFromLockfile: false

importers:

  .:
    dependencies:
      '@unified-latex/unified-latex':
        specifier: ^1.8.3
        version: 1.8.3
      '@unified-latex/unified-latex-lint':
        specifier: ^1.8.3
        version: 1.8.3
      '@unified-latex/unified-latex-to-hast':
        specifier: ^1.8.3
        version: 1.8.3
      '@unified-latex/unified-latex-types':
        specifier: ^1.8.0
        version: 1.8.0
      '@unified-latex/unified-latex-util-parse':
        specifier: ^1.8.3
        version: 1.8.3
      '@unified-latex/unified-latex-util-print-raw':
        specifier: ^1.8.0
        version: 1.8.0
      '@unified-latex/unified-latex-util-render-info':
        specifier: ^1.8.3
        version: 1.8.3
      '@unified-latex/unified-latex-util-to-string':
        specifier: ^1.8.3
        version: 1.8.3
      hast-util-from-html:
        specifier: ^2.0.3
        version: 2.0.3
      rehype-parse:
        specifier: ^9.0.1
        version: 9.0.1
      tiny-invariant:
        specifier: ^1.3.3
        version: 1.3.3
      unified:
        specifier: ^11.0.5
        version: 11.0.5
      unist-util-inspect:
        specifier: ^8.1.0
        version: 8.1.0

packages:

  '@types/hast@2.3.10':
    resolution: {integrity: sha512-McWspRw8xx8J9HurkVBfYj0xKoE25tOFlHGdx4MJ5xORQrMGZNqJhVQWaIbm6Oyla5kYOXtDiopzKRJzEOkwJw==}

  '@types/hast@3.0.4':
    resolution: {integrity: sha512-WPs+bbQw5aCj+x6laNGWLH3wviHtoCv/P3+otBhbOhJgG8qtpdAMlTCxLtsTWA7LH1Oh/bFCHsBn0TPS5m30EQ==}

  '@types/parse5@6.0.3':
    resolution: {integrity: sha512-SuT16Q1K51EAVPz1K29DJ/sXjhSQ0zjvsypYJ6tlwVsRV9jwW5Adq2ch8Dq8kDBCkYnELS7N7VNCSB5nC56t/g==}

  '@types/unist@2.0.11':
    resolution: {integrity: sha512-CmBKiL6NNo/OqgmMn95Fk9Whlp2mtvIv+KNpQKN2F4SjvrEesubTRWGYSg+BnWZOnlCaSTU1sMpsBOzgbYhnsA==}

  '@types/unist@3.0.3':
    resolution: {integrity: sha512-ko/gIFJRv177XgZsZcBwnqJN5x/Gien8qNOn0D5bQU/zAzVf9Zt3BlcUiLqhV9y4ARk0GbT3tnUiPNgnTXzc/Q==}

  '@unified-latex/unified-latex-builder@1.8.3':
    resolution: {integrity: sha512-DxZZHcSBUYaJD4LIDsgHqHG3sxY1Ycb+C+Ig/Xc7yjxV38CF6Hq+AfpgfT4dS5fs/sj0FK2/tNGwKEqRTgXy1w==}

  '@unified-latex/unified-latex-ctan@1.8.3':
    resolution: {integrity: sha512-bqApSRcGFNMPdAV939E9/oxhGp0AJZ5EfOp1LfdH0qhn0OXMqHYD30GJvvgOh+mfb8MdCcDNKU4QWUHBsvovwQ==}

  '@unified-latex/unified-latex-lint@1.8.3':
    resolution: {integrity: sha512-OJPIt8Xby1Zw+u1FWvztJz7RjQYP+o1oL4WiNiyxYDibb38VhiF8cXcl3Z3l2KTIc/qj+82UrMGOkPQg7JNkfQ==}

  '@unified-latex/unified-latex-prettier@1.8.3':
    resolution: {integrity: sha512-sat9VSBJQriX/biqAD+gBG2OkVy1mXMdqn4vy323es3RyBU9IHxl43dVR8QGXRhbD6lMRABxWdxfj0lRG6KU9g==}

  '@unified-latex/unified-latex-to-hast@1.8.3':
    resolution: {integrity: sha512-GUNgLmT7vdLAiSv66GzfDGIyaiTXVZ8ocKOQ4L4605wD0IpJtVUatX4JN/qmCcQWQCs+AUWReySRR8pLPvDKRg==}

  '@unified-latex/unified-latex-types@1.8.0':
    resolution: {integrity: sha512-GLJbBmmfDOWtdEbpQCLb7++zPxXin36aC9XOVCuiVNMR9VYv3szOJa+ZdTilVCFHpOeFhKh6zRws96vJgz2tGA==}

  '@unified-latex/unified-latex-util-align@1.8.1':
    resolution: {integrity: sha512-csJxLrvziRc5ZkhcRsYI7gSQBGC4fXucPtwNkTscbSIy7PfYF7BfWBPc61sb9jXQg4T4R6MLdG/Tz6Pgb6z1bw==}

  '@unified-latex/unified-latex-util-argspec@1.8.3':
    resolution: {integrity: sha512-GPJIycwLIVpt3g9LIdv+ut5F2N0xscpMlDsrCnjRutgD1GzpbLeROxmRNfZ6EaOlL7POLCyL8TY6S79U2tuTBA==}

  '@unified-latex/unified-latex-util-arguments@1.8.3':
    resolution: {integrity: sha512-CNazx2/PdimzQW7zo9Z1M+/4GBTdpE2hUJdxbXkn9G/dGF4QE63++GWbFiPK/N7+CzVgnewi0TOq6ARL+frN3Q==}

  '@unified-latex/unified-latex-util-catcode@1.8.3':
    resolution: {integrity: sha512-EHdsqGPGh3pbuQTw8ejcGhDbIKp3ghibT7MCGkDhUK5cUqm8tTPknTg5/cGm3G+te5AsxT8fjlYbFQ/nQGi3UQ==}

  '@unified-latex/unified-latex-util-comments@1.8.3':
    resolution: {integrity: sha512-eC1RXiFia8Fw6RxXKAOI0sVQqqwJhyTO3JhvRSTWAjrvwLoMi9b/96Ny7sBO68haRo4HarwyxmBaIWL3SYVjyQ==}

  '@unified-latex/unified-latex-util-environments@1.8.3':
    resolution: {integrity: sha512-5cw+lCxLwv/+VRz2WQpLEG7Emok5SOVgT42bBTpJkeHyrxewiTqnqTbTmZMYYVep1D0lE/1RsO/xd+7+mrVToA==}

  '@unified-latex/unified-latex-util-glue@1.8.3':
    resolution: {integrity: sha512-DZuDs/LWU3ZCM4CzweaRGgYSrXPh9hsNrWzarf+Rpfc+0eUkw1jh0/cSQyyKh/R3WUNmcJvkJcn/+2NHEv7ccQ==}

  '@unified-latex/unified-latex-util-html-like@1.8.3':
    resolution: {integrity: sha512-a6m+7vGlMX0v7TolAT5/+b58hq2Zq9eV30EBPJQlSO4F0d1rVUQHhbfRkqF73oXpdPGAL5gwzNsSLMOCJ9DeSg==}

  '@unified-latex/unified-latex-util-ligatures@1.8.3':
    resolution: {integrity: sha512-gxQZrDy3rjWv5kDXZbk/eqidyBVLLVYD+8K9xAeRhS/WhREi1V9H8JOD0gMe2VfCNX7ZYohOiBaR1b0oIeQ0cw==}

  '@unified-latex/unified-latex-util-match@1.8.0':
    resolution: {integrity: sha512-fjuLI1KVhWTHkfWn0kR8/RhM2oD2hxWhzgskUMLJ/IZMye9ESvVo8ItG4y+BtpwGFWpTmCtpMNXHjknIQxza9Q==}

  '@unified-latex/unified-latex-util-packages@1.8.3':
    resolution: {integrity: sha512-1Rzk9uElWiheVMcji7G7mlIdvX9lV8zdFH4eafe8747fUrI/LNN6Bv8w4cG9TfbPYR1WGEFsUrHu5qVr9psIsg==}

  '@unified-latex/unified-latex-util-parse@1.8.3':
    resolution: {integrity: sha512-H+VBB4/hxR1W7sTMMftiQCV9TRGGKVnPpisKBCfONN3KkyGuqGgmFKPna98tmoDU6A75gQCz6tu8f+1eW+RoYA==}

  '@unified-latex/unified-latex-util-pegjs@1.8.1':
    resolution: {integrity: sha512-1N6WknnzKGACFCmgaEZ2j89j5C2dKhmAOCfy6moD+AMm6nUb69Xp9pJ1jDfqz+Uz9+zRo5I6ksr6q5GgmAJvtw==}

  '@unified-latex/unified-latex-util-pgfkeys@1.8.1':
    resolution: {integrity: sha512-VwZeUzmPgKwO2sZ9xx4Ul0Mp82DVdWg32krOlH9dzW4ZQDOBTnRtvx6LQmg9b7Iz3F2pHLYU0LCCaJlvFNBm1A==}

  '@unified-latex/unified-latex-util-print-raw@1.8.0':
    resolution: {integrity: sha512-lMuLqnHXCDNqrjslf6hBAA2McEI+oaaxvjA9zfeAeWZyZh+DUJjkmwiuxYejwHHKbQvqzregNP4wtb9OvaC21g==}

  '@unified-latex/unified-latex-util-render-info@1.8.3':
    resolution: {integrity: sha512-L1orYqc9U5DGObSqjYIAclAybMWYpL41eR5E2NkJjZAAypSPkLeRT7yvaGz879HJNS2C1C9UoIsPlHDPok0Gcg==}

  '@unified-latex/unified-latex-util-replace@1.8.3':
    resolution: {integrity: sha512-HdrWVF+pwfsXkAiIGK5q7y2klBt5QK7r5sxbSZD+X3wXzpJFuFCYQQYe2Tmi5lOcssqLK94+1OUqRTrmA/rFbg==}

  '@unified-latex/unified-latex-util-scan@1.8.0':
    resolution: {integrity: sha512-4WWDTcLOhlkZsGmGl/IZA0Jg2rTitVwGf6ktxs57AyuCEdzHA5ZeNwzSewW8wpHQdLfnPX+LNEnaukwEdWfF1g==}

  '@unified-latex/unified-latex-util-split@1.8.0':
    resolution: {integrity: sha512-gRlRge72wcvLRs6bEoVbh0fDACbkioEPDJOr7XaCuQqjNNu1VTXlcvImZQVXCdMG6CJ4lqiaJRwnUupK4rsmsA==}

  '@unified-latex/unified-latex-util-to-string@1.8.3':
    resolution: {integrity: sha512-Tw1ZfFtC3n0zI1BkmNBbfJf0dYA9jBNVMkL6A15H48l1/uvsKnthACgu8CjxutskEstEOlp8LyYU2tSIICwg8w==}

  '@unified-latex/unified-latex-util-trim@1.8.3':
    resolution: {integrity: sha512-Vb5YcVyebWuwU0koBTsVOvxKFWKfqP1T7nJdpzT+IUrfX7zcMiA4HlGdL/3imbEfuLBTHJb3IoLsymU0XfWCZg==}

  '@unified-latex/unified-latex-util-visit@1.8.3':
    resolution: {integrity: sha512-y1uxwXLbzXliAhTrxaDx4+LgIWaeNWMgS7q4DC/i/5RXXRQOImdCqQsTWwvQk2x5/8zQ3eweiTsd3q1gbBCqAA==}

  '@unified-latex/unified-latex@1.8.3':
    resolution: {integrity: sha512-LRyXYXkjoidIVoX4bPX9fuaoa++ef94wao5tFEOIbFmcrF3SRZDqGnlAKSftP8g8/9YbtXOe61D3hviXux5Q4A==}

  bail@2.0.2:
    resolution: {integrity: sha512-0xO6mYd7JB2YesxDKplafRpsiOzPt9V02ddPCLbY1xYGPOX24NTyN50qnUxgCPcSoYMhKpAuBTjQoRZCAkUDRw==}

  ccount@2.0.1:
    resolution: {integrity: sha512-eyrF0jiFpY+3drT6383f1qhkbGsLSifNAjA61IUjZjmLCWjItY6LB9ft9YhoDgwfmclB2zhu51Lc7+95b8NRAg==}

  character-entities-html4@2.1.0:
    resolution: {integrity: sha512-1v7fgQRj6hnSwFpq1Eu0ynr/CDEw0rXo2B61qXrLNdHZmPKgb7fqS1a2JwF0rISo9q77jDI8VMEHoApn8qDoZA==}

  character-entities-legacy@3.0.0:
    resolution: {integrity: sha512-RpPp0asT/6ufRm//AJVwpViZbGM/MkjQFxJccQRHmISF/22NBtsHqAWmL+/pmkPWoIUJdWyeVleTl1wydHATVQ==}

  color-convert@2.0.1:
    resolution: {integrity: sha512-RRECPsj7iu/xb5oKYcsFHSppFNnsj/52OVTRKb4zP5onXwVF3zVmmToNcOfGC+CRDpfK/U584fMg38ZHCaElKQ==}
    engines: {node: '>=7.0.0'}

  color-name@1.1.4:
    resolution: {integrity: sha512-dOy+3AuW3a2wNbZHIuMZpTcgjGuLU/uBL/ubcZF9OXbDo8ff4O8yVp5Bf0efS8uEoYo5q4Fx7dY9OgQGXgAsQA==}

  color-string@1.9.1:
    resolution: {integrity: sha512-shrVawQFojnZv6xM40anx4CkoDP+fZsw/ZerEMsW/pyzsRbElpsL/DBVW7q3ExxwusdNXI3lXpuhEZkzs8p5Eg==}

  color@4.2.3:
    resolution: {integrity: sha512-1rXeuUUiGGrykh+CeBdu5Ie7OJwinCgQY0bc7GCRxy5xVHy+moaqkpL/jqQq0MtQOeYcrqEz4abc5f0KtU7W4A==}
    engines: {node: '>=12.5.0'}

  comma-separated-tokens@2.0.3:
    resolution: {integrity: sha512-Fu4hJdvzeylCfQPp9SGWidpzrMs7tTrlu6Vb8XGaRGck8QSNZJJp538Wrb60Lax4fPwR64ViY468OIUTbRlGZg==}

  cssesc@3.0.0:
    resolution: {integrity: sha512-/Tb/JcjK111nNScGob5MNtsntNM1aCNUDipB/TkwZFhyDrrE47SOx/18wF2bbjgc3ZzCSKW1T5nt5EbFoAz/Vg==}
    engines: {node: '>=4'}
    hasBin: true

  dequal@2.0.3:
    resolution: {integrity: sha512-0je+qPKHEMohvfRTCEo3CrPG6cAzAYgmzKyxRiYSSDkS6eGJdyVJm7WaYA5ECaAD9wLB2T4EEeymA5aFVcYXCA==}
    engines: {node: '>=6'}

  devlop@1.1.0:
    resolution: {integrity: sha512-RWmIqhcFf1lRYBvNmr7qTNuyCt/7/ns2jbpp1+PalgE/rDQcBT0fioSMUpJ93irlUhC5hrg4cYqe6U+0ImW0rA==}

  entities@6.0.1:
    resolution: {integrity: sha512-aN97NXWF6AWBTahfVOIrB/NShkzi5H7F9r1s9mD3cDj4Ko5f2qhhVoYMibXF7GlLveb/D2ioWay8lxI97Ven3g==}
    engines: {node: '>=0.12'}

  extend@3.0.2:
    resolution: {integrity: sha512-fjquC59cD7CyW6urNXK0FBufkZcoiGG80wTuPujX590cB5Ttln20E2UB4S/WARVqhXffZl2LNgS+gQdPIIim/g==}

  hast-util-from-html@2.0.3:
    resolution: {integrity: sha512-CUSRHXyKjzHov8yKsQjGOElXy/3EKpyX56ELnkHH34vDVw1N1XSQ1ZcAvTyAPtGqLTuKP/uxM+aLkSPqF/EtMw==}

  hast-util-from-parse5@7.1.2:
    resolution: {integrity: sha512-Nz7FfPBuljzsN3tCQ4kCBKqdNhQE2l0Tn+X1ubgKBPRoiDIu1mL08Cfw4k7q71+Duyaw7DXDN+VTAp4Vh3oCOw==}

  hast-util-from-parse5@8.0.3:
    resolution: {integrity: sha512-3kxEVkEKt0zvcZ3hCRYI8rqrgwtlIOFMWkbclACvjlDw8Li9S2hk/d51OI0nr/gIpdMHNepwgOKqZ/sy0Clpyg==}

  hast-util-parse-selector@3.1.1:
    resolution: {integrity: sha512-jdlwBjEexy1oGz0aJ2f4GKMaVKkA9jwjr4MjAAI22E5fM/TXVZHuS5OpONtdeIkRKqAaryQ2E9xNQxijoThSZA==}

  hast-util-parse-selector@4.0.0:
    resolution: {integrity: sha512-wkQCkSYoOGCRKERFWcxMVMOcYE2K1AaNLU8DXS9arxnLOUEWbOXKXiJUNzEpqZ3JOKpnha3jkFrumEjVliDe7A==}

  hast-util-raw@7.2.3:
    resolution: {integrity: sha512-RujVQfVsOrxzPOPSzZFiwofMArbQke6DJjnFfceiEbFh7S05CbPt0cYN+A5YeD3pso0JQk6O1aHBnx9+Pm2uqg==}

  hast-util-to-html@8.0.4:
    resolution: {integrity: sha512-4tpQTUOr9BMjtYyNlt0P50mH7xj0Ks2xpo8M943Vykljf99HW6EzulIoJP1N3eKOSScEHzyzi9dm7/cn0RfGwA==}

  hast-util-to-parse5@7.1.0:
    resolution: {integrity: sha512-YNRgAJkH2Jky5ySkIqFXTQiaqcAtJyVE+D5lkN6CdtOqrnkLfGYYrEcKuHOJZlp+MwjSwuD3fZuawI+sic/RBw==}

  hast-util-whitespace@2.0.1:
    resolution: {integrity: sha512-nAxA0v8+vXSBDt3AnRUNjyRIQ0rD+ntpbAp4LnPkumc5M9yUbSMa4XDU9Q6etY4f1Wp4bNgvc1yjiZtsTTrSng==}

  hast@1.0.0:
    resolution: {integrity: sha512-vFUqlRV5C+xqP76Wwq2SrM0kipnmpxJm7OfvVXpB35Fp+Fn4MV+ozr+JZr5qFvyR1q/U+Foim2x+3P+x9S1PLA==}
    deprecated: Renamed to rehype

  hastscript@7.2.0:
    resolution: {integrity: sha512-TtYPq24IldU8iKoJQqvZOuhi5CyCQRAbvDOX0x1eW6rsHSxa/1i2CCiptNTotGHJ3VoHRGmqiv6/D3q113ikkw==}

  hastscript@9.0.1:
    resolution: {integrity: sha512-g7df9rMFX/SPi34tyGCyUBREQoKkapwdY/T04Qn9TDWfHhAYt4/I0gMVirzK5wEzeUqIjEB+LXC/ypb7Aqno5w==}

  html-void-elements@2.0.1:
    resolution: {integrity: sha512-0quDb7s97CfemeJAnW9wC0hw78MtW7NU3hqtCD75g2vFlDLt36llsYD7uB7SUzojLMP24N5IatXf7ylGXiGG9A==}

  is-arrayish@0.3.4:
    resolution: {integrity: sha512-m6UrgzFVUYawGBh1dUsWR5M2Clqic9RVXC/9f8ceNlv2IcO9j9J/z8UoCLPqtsPBFNzEpfR3xftohbfqDx8EQA==}

  is-buffer@2.0.5:
    resolution: {integrity: sha512-i2R6zNFDwgEHJyQUtJEk0XFi1i0dPFn/oqjK3/vPCcDeJvW5NQ83V8QbicfF1SupOaB0h8ntgBC2YiE7dfyctQ==}
    engines: {node: '>=4'}

  is-plain-obj@4.1.0:
    resolution: {integrity: sha512-+Pgi+vMuUNkJyExiMBt5IlFoMyKnr5zhJ4Uspz58WOhBF5QoIZkFyNHIbBAtHwzVAgk5RtndVNsDRN61/mmDqg==}
    engines: {node: '>=12'}

  parse5@6.0.1:
    resolution: {integrity: sha512-Ofn/CTFzRGTTxwpNEs9PP93gXShHcTq255nzRYSKe8AkVpZY7e1fpmTfOyoIvjP5HG7Z2ZM7VS9PPhQGW2pOpw==}

  parse5@7.3.0:
    resolution: {integrity: sha512-IInvU7fabl34qmi9gY8XOVxhYyMyuH2xUNpb2q8/Y+7552KlejkRvqvD19nMoUW/uQGGbqNpA6Tufu5FL5BZgw==}

  prettier@2.8.8:
    resolution: {integrity: sha512-tdN8qQGvNjw4CHbY+XXk0JgCXn9QiF21a55rBe5LJAU+kDyC4WQn4+awm2Xfk2lQMk5fKup9XgzTZtGkjBdP9Q==}
    engines: {node: '>=10.13.0'}
    hasBin: true

  prettier@3.7.4:
    resolution: {integrity: sha512-v6UNi1+3hSlVvv8fSaoUbggEM5VErKmmpGA7Pl3HF8V6uKY7rvClBOJlH6yNwQtfTueNkGVpOv/mtWL9L4bgRA==}
    engines: {node: '>=14'}
    hasBin: true

  property-information@6.5.0:
    resolution: {integrity: sha512-PgTgs/BlvHxOu8QuEN7wi5A0OmXaBcHpmCSTehcs6Uuu9IkDIEo13Hy7n898RHfrQ49vKCoGeWZSaAK01nwVig==}

  property-information@7.1.0:
    resolution: {integrity: sha512-TwEZ+X+yCJmYfL7TPUOcvBZ4QfoT5YenQiJuX//0th53DE6w0xxLEtfK3iyryQFddXuvkIk51EEgrJQ0WJkOmQ==}

  rehype-parse@9.0.1:
    resolution: {integrity: sha512-ksCzCD0Fgfh7trPDxr2rSylbwq9iYDkSn8TCDmEJ49ljEUBxDVCzCHv7QNzZOfODanX4+bWQ4WZqLCRWYLfhag==}

  rehype-raw@6.1.1:
    resolution: {integrity: sha512-d6AKtisSRtDRX4aSPsJGTfnzrX2ZkHQLE5kiUuGOeEoLpbEulFF4hj0mLPbsa+7vmguDKOVVEQdHKDSwoaIDsQ==}

  rehype-stringify@9.0.4:
    resolution: {integrity: sha512-Uk5xu1YKdqobe5XpSskwPvo1XeHUUucWEQSl8hTrXt5selvca1e8K1EZ37E6YoZ4BT8BCqCdVfQW7OfHfthtVQ==}

  simple-swizzle@0.2.4:
    resolution: {integrity: sha512-nAu1WFPQSMNr2Zn9PGSZK9AGn4t/y97lEm+MXTtUDwfP0ksAIX4nO+6ruD9Jwut4C49SB1Ws+fbXsm/yScWOHw==}

  space-separated-tokens@2.0.2:
    resolution: {integrity: sha512-PEGlAwrG8yXGXRjW32fGbg66JAlOAwbObuqVoJpv/mRgoWDQfgH1wDPvtzWyUSNAXBGSk8h755YDbbcEy3SH2Q==}

  stringify-entities@4.0.4:
    resolution: {integrity: sha512-IwfBptatlO+QCJUo19AqvrPNqlVMpW9YEL2LIVY+Rpv2qsjCGxaDLNRgeGsQWJhfItebuJhsGSLjaBbNSQ+ieg==}

  tiny-invariant@1.3.3:
    resolution: {integrity: sha512-+FbBPE1o9QAYvviau/qC5SE3caw21q3xkvWKBtja5vgqOWIHHJ3ioaq1VPfn/Szqctz2bU/oYeKd9/z5BL+PVg==}

  trie-prefix-tree@1.5.1:
    resolution: {integrity: sha512-Jjvj/dA97wXnabG/NLJUgo4IQMj6vucH+Qxm7of/omfWSmZlPqdRU6Ta4GmQqCZH+n3/iYZUwfvUoEhB0Hs83Q==}

  trough@2.2.0:
    resolution: {integrity: sha512-tmMpK00BjZiUyVyvrBK7knerNgmgvcV/KLVyuma/SC+TQN167GrMRciANTz09+k3zW8L8t60jWO1GpfkZdjTaw==}

  unified-lint-rule@2.1.2:
    resolution: {integrity: sha512-JWudPtRN7TLFHVLEVZ+Rm8FUb6kCAtHxEXFgBGDxRSdNMnGyTU5zyYvduHSF/liExlFB3vdFvsAHnNVE/UjAwA==}

  unified@10.1.2:
    resolution: {integrity: sha512-pUSWAi/RAnVy1Pif2kAoeWNBa3JVrx0MId2LASj8G+7AiHWoKZNTomq6LG326T68U7/e263X6fTdcXIy7XnF7Q==}

  unified@11.0.5:
    resolution: {integrity: sha512-xKvGhPWw3k84Qjh8bI3ZeJjqnyadK+GEFtazSfZv/rKeTkTjOJho6mFqh2SM96iIcZokxiOpg78GazTSg8+KHA==}

  unist-util-inspect@8.1.0:
    resolution: {integrity: sha512-mOlg8Mp33pR0eeFpo5d2902ojqFFOKMMG2hF8bmH7ZlhnmjFgh0NI3/ZDwdaBJNbvrS7LZFVrBVtIE9KZ9s7vQ==}

  unist-util-is@5.2.1:
    resolution: {integrity: sha512-u9njyyfEh43npf1M+yGKDGVPbY/JWEemg5nH05ncKPfi+kBbKBJoTdsogMu33uhytuLlv9y0O7GH7fEdwLdLQw==}

  unist-util-position@4.0.4:
    resolution: {integrity: sha512-kUBE91efOWfIVBo8xzh/uZQ7p9ffYRtUbMRZBNFYwf0RK8koUMx6dGUfwylLOKmaT2cs4wSW96QoYUSXAyEtpg==}

  unist-util-stringify-position@3.0.3:
    resolution: {integrity: sha512-k5GzIBZ/QatR8N5X2y+drfpWG8IDBzdnVj6OInRNWm1oXrzydiaAT2OQiA8DPRRZyAKb9b6I2a6PxYklZD0gKg==}

  unist-util-stringify-position@4.0.0:
    resolution: {integrity: sha512-0ASV06AAoKCDkS2+xw5RXJywruurpbC4JZSm7nr7MOt1ojAzvyyaO+UxZf18j8FCF6kmzCZKcAgN/yu2gm2XgQ==}

  unist-util-visit-parents@5.1.3:
    resolution: {integrity: sha512-x6+y8g7wWMyQhL1iZfhIPhDAs7Xwbn9nRosDXl7qoPTSCy0yNxnKc+hWokFifWQIDGi154rdUqKvbCa4+1kLhg==}

  unist-util-visit@4.1.2:
    resolution: {integrity: sha512-MSd8OUGISqHdVvfY9TPhyK2VdUrPgxkUtWSuMHF6XAAFuL4LokseigBnZtPnJMu+FbynTkFNnFlyjxpVKujMRg==}

  vfile-location@4.1.0:
    resolution: {integrity: sha512-YF23YMyASIIJXpktBa4vIGLJ5Gs88UB/XePgqPmTa7cDA+JeO3yclbpheQYCHjVHBn/yePzrXuygIL+xbvRYHw==}

  vfile-location@5.0.3:
    resolution: {integrity: sha512-5yXvWDEgqeiYiBe1lbxYF7UMAIm/IcopxMHrMQDq3nvKcjPKIhZklUKL+AE7J7uApI4kwe2snsK+eI6UTj9EHg==}

  vfile-message@3.1.4:
    resolution: {integrity: sha512-fa0Z6P8HUrQN4BZaX05SIVXic+7kE3b05PWAtPuYP9QLHsLKYR7/AlLW3NtOrpXRLeawpDLMsVkmk5DG0NXgWw==}

  vfile-message@4.0.3:
    resolution: {integrity: sha512-QTHzsGd1EhbZs4AsQ20JX1rC3cOlt/IWJruk893DfLRr57lcnOeMaWG4K0JrRta4mIJZKth2Au3mM3u03/JWKw==}

  vfile@5.3.7:
    resolution: {integrity: sha512-r7qlzkgErKjobAmyNIkkSpizsFPYiUPuJb5pNW1RB4JcYVZhs4lIbVqk8XPk033CV/1z8ss5pkax8SuhGpcG8g==}

  vfile@6.0.3:
    resolution: {integrity: sha512-KzIbH/9tXat2u30jf+smMwFCsno4wHVdNmzFyL+T/L3UGqqk6JKfVqOFOZEpZSHADH1k40ab6NUIXZq422ov3Q==}

  web-namespaces@2.0.1:
    resolution: {integrity: sha512-bKr1DkiNa2krS7qxNtdrtHAmzuYGFQLiQ13TsorsdT6ULTkPLKuu5+GsFpDlg6JFjUTwX2DyhMPG2be8uPrqsQ==}

  zwitch@2.0.4:
    resolution: {integrity: sha512-bXE4cR/kVZhKZX/RjPEflHaKVhUVl85noU3v6b8apfQEc1x4A+zBxjZ4lN8LqGd6WZ3dl98pY4o717VFmoPp+A==}

snapshots:

  '@types/hast@2.3.10':
    dependencies:
      '@types/unist': 2.0.11

  '@types/hast@3.0.4':
    dependencies:
      '@types/unist': 3.0.3

  '@types/parse5@6.0.3': {}

  '@types/unist@2.0.11': {}

  '@types/unist@3.0.3': {}

  '@unified-latex/unified-latex-builder@1.8.3':
    dependencies:
      '@unified-latex/unified-latex-types': 1.8.0

  '@unified-latex/unified-latex-ctan@1.8.3':
    dependencies:
      '@unified-latex/unified-latex-builder': 1.8.3
      '@unified-latex/unified-latex-types': 1.8.0
      '@unified-latex/unified-latex-util-argspec': 1.8.3
      '@unified-latex/unified-latex-util-arguments': 1.8.3
      '@unified-latex/unified-latex-util-comments': 1.8.3
      '@unified-latex/unified-latex-util-match': 1.8.0
      '@unified-latex/unified-latex-util-pegjs': 1.8.1
      '@unified-latex/unified-latex-util-print-raw': 1.8.0
      '@unified-latex/unified-latex-util-render-info': 1.8.3
      '@unified-latex/unified-latex-util-replace': 1.8.3
      '@unified-latex/unified-latex-util-scan': 1.8.0
      '@unified-latex/unified-latex-util-split': 1.8.0
      '@unified-latex/unified-latex-util-trim': 1.8.3
      '@unified-latex/unified-latex-util-visit': 1.8.3
      color: 4.2.3

  '@unified-latex/unified-latex-lint@1.8.3':
    dependencies:
      '@unified-latex/unified-latex-builder': 1.8.3
      '@unified-latex/unified-latex-ctan': 1.8.3
      '@unified-latex/unified-latex-types': 1.8.0
      '@unified-latex/unified-latex-util-glue': 1.8.3
      '@unified-latex/unified-latex-util-match': 1.8.0
      '@unified-latex/unified-latex-util-packages': 1.8.3
      '@unified-latex/unified-latex-util-print-raw': 1.8.0
      '@unified-latex/unified-latex-util-replace': 1.8.3
      '@unified-latex/unified-latex-util-scan': 1.8.0
      '@unified-latex/unified-latex-util-trim': 1.8.3
      '@unified-latex/unified-latex-util-visit': 1.8.3
      unified-lint-rule: 2.1.2
      unist-util-position: 4.0.4

  '@unified-latex/unified-latex-prettier@1.8.3':
    dependencies:
      '@unified-latex/unified-latex-ctan': 1.8.3
      '@unified-latex/unified-latex-types': 1.8.0
      '@unified-latex/unified-latex-util-align': 1.8.1
      '@unified-latex/unified-latex-util-match': 1.8.0
      '@unified-latex/unified-latex-util-parse': 1.8.3
      '@unified-latex/unified-latex-util-pgfkeys': 1.8.1
      '@unified-latex/unified-latex-util-print-raw': 1.8.0
      '@unified-latex/unified-latex-util-trim': 1.8.3
      '@unified-latex/unified-latex-util-visit': 1.8.3
      prettier: 3.7.4

  '@unified-latex/unified-latex-to-hast@1.8.3':
    dependencies:
      '@unified-latex/unified-latex': 1.8.3
      '@unified-latex/unified-latex-builder': 1.8.3
      '@unified-latex/unified-latex-ctan': 1.8.3
      '@unified-latex/unified-latex-lint': 1.8.3
      '@unified-latex/unified-latex-types': 1.8.0
      '@unified-latex/unified-latex-util-align': 1.8.1
      '@unified-latex/unified-latex-util-arguments': 1.8.3
      '@unified-latex/unified-latex-util-comments': 1.8.3
      '@unified-latex/unified-latex-util-html-like': 1.8.3
      '@unified-latex/unified-latex-util-ligatures': 1.8.3
      '@unified-latex/unified-latex-util-match': 1.8.0
      '@unified-latex/unified-latex-util-print-raw': 1.8.0
      '@unified-latex/unified-latex-util-replace': 1.8.3
      '@unified-latex/unified-latex-util-trim': 1.8.3
      '@unified-latex/unified-latex-util-visit': 1.8.3
      cssesc: 3.0.0
      hast: 1.0.0
      hastscript: 7.2.0
      rehype-raw: 6.1.1
      rehype-stringify: 9.0.4
      unified: 10.1.2

  '@unified-latex/unified-latex-types@1.8.0': {}

  '@unified-latex/unified-latex-util-align@1.8.1':
    dependencies:
      '@unified-latex/unified-latex-types': 1.8.0
      '@unified-latex/unified-latex-util-match': 1.8.0
      '@unified-latex/unified-latex-util-pegjs': 1.8.1

  '@unified-latex/unified-latex-util-argspec@1.8.3':
    dependencies:
      '@unified-latex/unified-latex-util-pegjs': 1.8.1

  '@unified-latex/unified-latex-util-arguments@1.8.3':
    dependencies:
      '@unified-latex/unified-latex-builder': 1.8.3
      '@unified-latex/unified-latex-types': 1.8.0
      '@unified-latex/unified-latex-util-argspec': 1.8.3
      '@unified-latex/unified-latex-util-match': 1.8.0
      '@unified-latex/unified-latex-util-render-info': 1.8.3
      '@unified-latex/unified-latex-util-scan': 1.8.0
      '@unified-latex/unified-latex-util-visit': 1.8.3
      unified: 10.1.2

  '@unified-latex/unified-latex-util-catcode@1.8.3':
    dependencies:
      '@unified-latex/unified-latex-types': 1.8.0
      '@unified-latex/unified-latex-util-match': 1.8.0
      '@unified-latex/unified-latex-util-visit': 1.8.3

  '@unified-latex/unified-latex-util-comments@1.8.3':
    dependencies:
      '@unified-latex/unified-latex-types': 1.8.0
      '@unified-latex/unified-latex-util-match': 1.8.0
      '@unified-latex/unified-latex-util-replace': 1.8.3

  '@unified-latex/unified-latex-util-environments@1.8.3':
    dependencies:
      '@unified-latex/unified-latex-types': 1.8.0
      '@unified-latex/unified-latex-util-arguments': 1.8.3
      '@unified-latex/unified-latex-util-match': 1.8.0
      '@unified-latex/unified-latex-util-print-raw': 1.8.0
      '@unified-latex/unified-latex-util-render-info': 1.8.3
      '@unified-latex/unified-latex-util-visit': 1.8.3
      unified: 10.1.2

  '@unified-latex/unified-latex-util-glue@1.8.3':
    dependencies:
      '@unified-latex/unified-latex-types': 1.8.0
      '@unified-latex/unified-latex-util-match': 1.8.0
      '@unified-latex/unified-latex-util-pegjs': 1.8.1

  '@unified-latex/unified-latex-util-html-like@1.8.3':
    dependencies:
      '@unified-latex/unified-latex-builder': 1.8.3
      '@unified-latex/unified-latex-types': 1.8.0
      '@unified-latex/unified-latex-util-match': 1.8.0
      '@unified-latex/unified-latex-util-print-raw': 1.8.0

  '@unified-latex/unified-latex-util-ligatures@1.8.3':
    dependencies:
      '@unified-latex/unified-latex-types': 1.8.0
      '@unified-latex/unified-latex-util-match': 1.8.0
      '@unified-latex/unified-latex-util-pegjs': 1.8.1
      '@unified-latex/unified-latex-util-visit': 1.8.3

  '@unified-latex/unified-latex-util-match@1.8.0':
    dependencies:
      '@unified-latex/unified-latex-types': 1.8.0
      '@unified-latex/unified-latex-util-print-raw': 1.8.0

  '@unified-latex/unified-latex-util-packages@1.8.3':
    dependencies:
      '@unified-latex/unified-latex-types': 1.8.0
      '@unified-latex/unified-latex-util-match': 1.8.0
      '@unified-latex/unified-latex-util-print-raw': 1.8.0
      '@unified-latex/unified-latex-util-trim': 1.8.3
      '@unified-latex/unified-latex-util-visit': 1.8.3

  '@unified-latex/unified-latex-util-parse@1.8.3':
    dependencies:
      '@unified-latex/unified-latex-ctan': 1.8.3
      '@unified-latex/unified-latex-types': 1.8.0
      '@unified-latex/unified-latex-util-arguments': 1.8.3
      '@unified-latex/unified-latex-util-catcode': 1.8.3
      '@unified-latex/unified-latex-util-environments': 1.8.3
      '@unified-latex/unified-latex-util-match': 1.8.0
      '@unified-latex/unified-latex-util-pegjs': 1.8.1
      '@unified-latex/unified-latex-util-print-raw': 1.8.0
      '@unified-latex/unified-latex-util-trim': 1.8.3
      '@unified-latex/unified-latex-util-visit': 1.8.3
      unified: 10.1.2

  '@unified-latex/unified-latex-util-pegjs@1.8.1':
    dependencies:
      '@unified-latex/unified-latex-types': 1.8.0
      '@unified-latex/unified-latex-util-match': 1.8.0

  '@unified-latex/unified-latex-util-pgfkeys@1.8.1':
    dependencies:
      '@unified-latex/unified-latex-types': 1.8.0
      '@unified-latex/unified-latex-util-match': 1.8.0
      '@unified-latex/unified-latex-util-pegjs': 1.8.1
      '@unified-latex/unified-latex-util-print-raw': 1.8.0

  '@unified-latex/unified-latex-util-print-raw@1.8.0':
    dependencies:
      '@unified-latex/unified-latex-types': 1.8.0

  '@unified-latex/unified-latex-util-render-info@1.8.3':
    dependencies:
      '@unified-latex/unified-latex-types': 1.8.0
      '@unified-latex/unified-latex-util-visit': 1.8.3

  '@unified-latex/unified-latex-util-replace@1.8.3':
    dependencies:
      '@unified-latex/unified-latex-types': 1.8.0
      '@unified-latex/unified-latex-util-match': 1.8.0
      '@unified-latex/unified-latex-util-split': 1.8.0
      '@unified-latex/unified-latex-util-trim': 1.8.3
      '@unified-latex/unified-latex-util-visit': 1.8.3
      unified: 10.1.2

  '@unified-latex/unified-latex-util-scan@1.8.0':
    dependencies:
      '@unified-latex/unified-latex-types': 1.8.0
      '@unified-latex/unified-latex-util-match': 1.8.0
      '@unified-latex/unified-latex-util-print-raw': 1.8.0
      trie-prefix-tree: 1.5.1

  '@unified-latex/unified-latex-util-split@1.8.0':
    dependencies:
      '@unified-latex/unified-latex-types': 1.8.0
      '@unified-latex/unified-latex-util-match': 1.8.0

  '@unified-latex/unified-latex-util-to-string@1.8.3':
    dependencies:
      '@unified-latex/unified-latex-prettier': 1.8.3
      '@unified-latex/unified-latex-types': 1.8.0
      '@unified-latex/unified-latex-util-print-raw': 1.8.0
      prettier: 2.8.8
      unified: 10.1.2

  '@unified-latex/unified-latex-util-trim@1.8.3':
    dependencies:
      '@unified-latex/unified-latex-types': 1.8.0
      '@unified-latex/unified-latex-util-match': 1.8.0
      '@unified-latex/unified-latex-util-visit': 1.8.3
      unified: 10.1.2

  '@unified-latex/unified-latex-util-visit@1.8.3':
    dependencies:
      '@unified-latex/unified-latex-types': 1.8.0
      '@unified-latex/unified-latex-util-match': 1.8.0

  '@unified-latex/unified-latex@1.8.3':
    dependencies:
      '@unified-latex/unified-latex-types': 1.8.0
      '@unified-latex/unified-latex-util-parse': 1.8.3
      '@unified-latex/unified-latex-util-to-string': 1.8.3
      unified: 10.1.2

  bail@2.0.2: {}

  ccount@2.0.1: {}

  character-entities-html4@2.1.0: {}

  character-entities-legacy@3.0.0: {}

  color-convert@2.0.1:
    dependencies:
      color-name: 1.1.4

  color-name@1.1.4: {}

  color-string@1.9.1:
    dependencies:
      color-name: 1.1.4
      simple-swizzle: 0.2.4

  color@4.2.3:
    dependencies:
      color-convert: 2.0.1
      color-string: 1.9.1

  comma-separated-tokens@2.0.3: {}

  cssesc@3.0.0: {}

  dequal@2.0.3: {}

  devlop@1.1.0:
    dependencies:
      dequal: 2.0.3

  entities@6.0.1: {}

  extend@3.0.2: {}

  hast-util-from-html@2.0.3:
    dependencies:
      '@types/hast': 3.0.4
      devlop: 1.1.0
      hast-util-from-parse5: 8.0.3
      parse5: 7.3.0
      vfile: 6.0.3
      vfile-message: 4.0.3

  hast-util-from-parse5@7.1.2:
    dependencies:
      '@types/hast': 2.3.10
      '@types/unist': 2.0.11
      hastscript: 7.2.0
      property-information: 6.5.0
      vfile: 5.3.7
      vfile-location: 4.1.0
      web-namespaces: 2.0.1

  hast-util-from-parse5@8.0.3:
    dependencies:
      '@types/hast': 3.0.4
      '@types/unist': 3.0.3
      devlop: 1.1.0
      hastscript: 9.0.1
      property-information: 7.1.0
      vfile: 6.0.3
      vfile-location: 5.0.3
      web-namespaces: 2.0.1

  hast-util-parse-selector@3.1.1:
    dependencies:
      '@types/hast': 2.3.10

  hast-util-parse-selector@4.0.0:
    dependencies:
      '@types/hast': 3.0.4

  hast-util-raw@7.2.3:
    dependencies:
      '@types/hast': 2.3.10
      '@types/parse5': 6.0.3
      hast-util-from-parse5: 7.1.2
      hast-util-to-parse5: 7.1.0
      html-void-elements: 2.0.1
      parse5: 6.0.1
      unist-util-position: 4.0.4
      unist-util-visit: 4.1.2
      vfile: 5.3.7
      web-namespaces: 2.0.1
      zwitch: 2.0.4

  hast-util-to-html@8.0.4:
    dependencies:
      '@types/hast': 2.3.10
      '@types/unist': 2.0.11
      ccount: 2.0.1
      comma-separated-tokens: 2.0.3
      hast-util-raw: 7.2.3
      hast-util-whitespace: 2.0.1
      html-void-elements: 2.0.1
      property-information: 6.5.0
      space-separated-tokens: 2.0.2
      stringify-entities: 4.0.4
      zwitch: 2.0.4

  hast-util-to-parse5@7.1.0:
    dependencies:
      '@types/hast': 2.3.10
      comma-separated-tokens: 2.0.3
      property-information: 6.5.0
      space-separated-tokens: 2.0.2
      web-namespaces: 2.0.1
      zwitch: 2.0.4

  hast-util-whitespace@2.0.1: {}

  hast@1.0.0: {}

  hastscript@7.2.0:
    dependencies:
      '@types/hast': 2.3.10
      comma-separated-tokens: 2.0.3
      hast-util-parse-selector: 3.1.1
      property-information: 6.5.0
      space-separated-tokens: 2.0.2

  hastscript@9.0.1:
    dependencies:
      '@types/hast': 3.0.4
      comma-separated-tokens: 2.0.3
      hast-util-parse-selector: 4.0.0
      property-information: 7.1.0
      space-separated-tokens: 2.0.2

  html-void-elements@2.0.1: {}

  is-arrayish@0.3.4: {}

  is-buffer@2.0.5: {}

  is-plain-obj@4.1.0: {}

  parse5@6.0.1: {}

  parse5@7.3.0:
    dependencies:
      entities: 6.0.1

  prettier@2.8.8: {}

  prettier@3.7.4: {}

  property-information@6.5.0: {}

  property-information@7.1.0: {}

  rehype-parse@9.0.1:
    dependencies:
      '@types/hast': 3.0.4
      hast-util-from-html: 2.0.3
      unified: 11.0.5

  rehype-raw@6.1.1:
    dependencies:
      '@types/hast': 2.3.10
      hast-util-raw: 7.2.3
      unified: 10.1.2

  rehype-stringify@9.0.4:
    dependencies:
      '@types/hast': 2.3.10
      hast-util-to-html: 8.0.4
      unified: 10.1.2

  simple-swizzle@0.2.4:
    dependencies:
      is-arrayish: 0.3.4

  space-separated-tokens@2.0.2: {}

  stringify-entities@4.0.4:
    dependencies:
      character-entities-html4: 2.1.0
      character-entities-legacy: 3.0.0

  tiny-invariant@1.3.3: {}

  trie-prefix-tree@1.5.1: {}

  trough@2.2.0: {}

  unified-lint-rule@2.1.2:
    dependencies:
      '@types/unist': 2.0.11
      trough: 2.2.0
      unified: 10.1.2
      vfile: 5.3.7

  unified@10.1.2:
    dependencies:
      '@types/unist': 2.0.11
      bail: 2.0.2
      extend: 3.0.2
      is-buffer: 2.0.5
      is-plain-obj: 4.1.0
      trough: 2.2.0
      vfile: 5.3.7

  unified@11.0.5:
    dependencies:
      '@types/unist': 3.0.3
      bail: 2.0.2
      devlop: 1.1.0
      extend: 3.0.2
      is-plain-obj: 4.1.0
      trough: 2.2.0
      vfile: 6.0.3

  unist-util-inspect@8.1.0:
    dependencies:
      '@types/unist': 3.0.3

  unist-util-is@5.2.1:
    dependencies:
      '@types/unist': 2.0.11

  unist-util-position@4.0.4:
    dependencies:
      '@types/unist': 2.0.11

  unist-util-stringify-position@3.0.3:
    dependencies:
      '@types/unist': 2.0.11

  unist-util-stringify-position@4.0.0:
    dependencies:
      '@types/unist': 3.0.3

  unist-util-visit-parents@5.1.3:
    dependencies:
      '@types/unist': 2.0.11
      unist-util-is: 5.2.1

  unist-util-visit@4.1.2:
    dependencies:
      '@types/unist': 2.0.11
      unist-util-is: 5.2.1
      unist-util-visit-parents: 5.1.3

  vfile-location@4.1.0:
    dependencies:
      '@types/unist': 2.0.11
      vfile: 5.3.7

  vfile-location@5.0.3:
    dependencies:
      '@types/unist': 3.0.3
      vfile: 6.0.3

  vfile-message@3.1.4:
    dependencies:
      '@types/unist': 2.0.11
      unist-util-stringify-position: 3.0.3

  vfile-message@4.0.3:
    dependencies:
      '@types/unist': 3.0.3
      unist-util-stringify-position: 4.0.0

  vfile@5.3.7:
    dependencies:
      '@types/unist': 2.0.11
      is-buffer: 2.0.5
      unist-util-stringify-position: 3.0.3
      vfile-message: 3.1.4

  vfile@6.0.3:
    dependencies:
      '@types/unist': 3.0.3
      vfile-message: 4.0.3

  web-namespaces@2.0.1: {}

  zwitch@2.0.4: {}
